// !$*UTF8*$!
{
	archiveVersion = 1;
	classes = {
	};
	objectVersion = 56;
	objects = {

/* Begin PBXBuildFile section */
		506966352CA45CD600FE6FAE /* AppDelegate.swift in Sources */ = {isa = PBXBuildFile; fileRef = 506966342CA45CD600FE6FAE /* AppDelegate.swift */; };
		506966372CA45CD600FE6FAE /* SceneDelegate.swift in Sources */ = {isa = PBXBuildFile; fileRef = 506966362CA45CD600FE6FAE /* SceneDelegate.swift */; };
		506966392CA45CD600FE6FAE /* ViewController.swift in Sources */ = {isa = PBXBuildFile; fileRef = 506966382CA45CD600FE6FAE /* ViewController.swift */; };
		5069663C2CA45CD600FE6FAE /* Base in Resources */ = {isa = PBXBuildFile; fileRef = 5069663B2CA45CD600FE6FAE /* Base */; };
		5069663E2CA45CD800FE6FAE /* Assets.xcassets in Resources */ = {isa = PBXBuildFile; fileRef = 5069663D2CA45CD800FE6FAE /* Assets.xcassets */; };
		506966412CA45CD800FE6FAE /* Base in Resources */ = {isa = PBXBuildFile; fileRef = 506966402CA45CD800FE6FAE /* Base */; };
		506966492CA45D3700FE6FAE /* BanksModel.swift in Sources */ = {isa = PBXBuildFile; fileRef = 506966482CA45D3700FE6FAE /* BanksModel.swift */; };
		5069664B2CA45E3400FE6FAE /* CustomHeaderView.swift in Sources */ = {isa = PBXBuildFile; fileRef = 5069664A2CA45E3400FE6FAE /* CustomHeaderView.swift */; };
		5069664D2CA4655100FE6FAE /* CustomTableViewCell.swift in Sources */ = {isa = PBXBuildFile; fileRef = 5069664C2CA4655100FE6FAE /* CustomTableViewCell.swift */; };
		5069664F2CA50F8600FE6FAE /* ExtensionFile.swift in Sources */ = {isa = PBXBuildFile; fileRef = 5069664E2CA50F8600FE6FAE /* ExtensionFile.swift */; };
		EA8D07342EEAA32400ACA2FF /* Helper.swift in Sources */ = {isa = PBXBuildFile; fileRef = EA8D07332EEAA31E00ACA2FF /* Helper.swift */; };
		EA8D07362EEAB55D00ACA2FF /* CustomHeaderView.xib in Resources */ = {isa = PBXBuildFile; fileRef = EA8D07352EEAB55D00ACA2FF /* CustomHeaderView.xib */; };
/* End PBXBuildFile section */

/* Begin PBXFileReference section */
		506966312CA45CD600FE6FAE /* CodeTestIOS.app */ = {isa = PBXFileReference; explicitFileType = wrapper.application; includeInIndex = 0; path = CodeTestIOS.app; sourceTree = BUILT_PRODUCTS_DIR; };
		506966342CA45CD600FE6FAE /* AppDelegate.swift */ = {isa = PBXFileReference; lastKnownFileType = sourcecode.swift; path = AppDelegate.swift; sourceTree = "<group>"; };
		506966362CA45CD600FE6FAE /* SceneDelegate.swift */ = {isa = PBXFileReference; lastKnownFileType = sourcecode.swift; path = SceneDelegate.swift; sourceTree = "<group>"; };
		506966382CA45CD600FE6FAE /* ViewController.swift */ = {isa = PBXFileReference; lastKnownFileType = sourcecode.swift; path = ViewController.swift; sourceTree = "<group>"; };
		5069663B2CA45CD600FE6FAE /* Base */ = {isa = PBXFileReference; lastKnownFileType = file.storyboard; name = Base; path = Base.lproj/Main.storyboard; sourceTree = "<group>"; };
		5069663D2CA45CD800FE6FAE /* Assets.xcassets */ = {isa = PBXFileReference; lastKnownFileType = folder.assetcatalog; path = Assets.xcassets; sourceTree = "<group>"; };
		506966402CA45CD800FE6FAE /* Base */ = {isa = PBXFileReference; lastKnownFileType = file.storyboard; name = Base; path = Base.lproj/LaunchScreen.storyboard; sourceTree = "<group>"; };
		506966422CA45CD800FE6FAE /* Info.plist */ = {isa = PBXFileReference; lastKnownFileType = text.plist.xml; path = Info.plist; sourceTree = "<group>"; };
		506966482CA45D3700FE6FAE /* BanksModel.swift */ = {isa = PBXFileReference; lastKnownFileType = sourcecode.swift; path = BanksModel.swift; sourceTree = "<group>"; };
		5069664A2CA45E3400FE6FAE /* CustomHeaderView.swift */ = {isa = PBXFileReference; lastKnownFileType = sourcecode.swift; path = CustomHeaderView.swift; sourceTree = "<group>"; };
		5069664C2CA4655100FE6FAE /* CustomTableViewCell.swift */ = {isa = PBXFileReference; lastKnownFileType = sourcecode.swift; path = CustomTableViewCell.swift; sourceTree = "<group>"; };
		5069664E2CA50F8600FE6FAE /* ExtensionFile.swift */ = {isa = PBXFileReference; lastKnownFileType = sourcecode.swift; path = ExtensionFile.swift; sourceTree = "<group>"; };
		EA8D07332EEAA31E00ACA2FF /* Helper.swift */ = {isa = PBXFileReference; lastKnownFileType = sourcecode.swift; path = Helper.swift; sourceTree = "<group>"; };
		EA8D07352EEAB55D00ACA2FF /* CustomHeaderView.xib */ = {isa = PBXFileReference; lastKnownFileType = file.xib; path = CustomHeaderView.xib; sourceTree = "<group>"; };
/* End PBXFileReference section */

/* Begin PBXFrameworksBuildPhase section */
		5069662E2CA45CD600FE6FAE /* Frameworks */ = {
			isa = PBXFrameworksBuildPhase;
			buildActionMask = 2147483647;
			files = (
			);
			runOnlyForDeploymentPostprocessing = 0;
		};
/* End PBXFrameworksBuildPhase section */

/* Begin PBXGroup section */
		506966282CA45CD600FE6FAE = {
			isa = PBXGroup;
			children = (
				506966332CA45CD600FE6FAE /* CodeTestIOS */,
				506966322CA45CD600FE6FAE /* Products */,
			);
			sourceTree = "<group>";
		};
		506966322CA45CD600FE6FAE /* Products */ = {
			isa = PBXGroup;
			children = (
				506966312CA45CD600FE6FAE /* CodeTestIOS.app */,
			);
			name = Products;
			sourceTree = "<group>";
		};
		506966332CA45CD600FE6FAE /* CodeTestIOS */ = {
			isa = PBXGroup;
			children = (
				506966542CA5176C00FE6FAE /* Utils */,
				506966532CA5175E00FE6FAE /* Cell */,
				506966522CA5174A00FE6FAE /* View */,
				506966512CA5173F00FE6FAE /* Model */,
				506966502CA5171E00FE6FAE /* ViewController */,
				506966342CA45CD600FE6FAE /* AppDelegate.swift */,
				506966362CA45CD600FE6FAE /* SceneDelegate.swift */,
				5069663A2CA45CD600FE6FAE /* Main.storyboard */,
				5069663D2CA45CD800FE6FAE /* Assets.xcassets */,
				5069663F2CA45CD800FE6FAE /* LaunchScreen.storyboard */,
				506966422CA45CD800FE6FAE /* Info.plist */,
			);
			path = CodeTestIOS;
			sourceTree = "<group>";
		};
		506966502CA5171E00FE6FAE /* ViewController */ = {
			isa = PBXGroup;
			children = (
				506966382CA45CD600FE6FAE /* ViewController.swift */,
			);
			path = ViewController;
			sourceTree = "<group>";
		};
		506966512CA5173F00FE6FAE /* Model */ = {
			isa = PBXGroup;
			children = (
				506966482CA45D3700FE6FAE /* BanksModel.swift */,
			);
			path = Model;
			sourceTree = "<group>";
		};
		506966522CA5174A00FE6FAE /* View */ = {
			isa = PBXGroup;
			children = (
				5069664A2CA45E3400FE6FAE /* CustomHeaderView.swift */,
				EA8D07352EEAB55D00ACA2FF /* CustomHeaderView.xib */,
			);
			path = View;
			sourceTree = "<group>";
		};
		506966532CA5175E00FE6FAE /* Cell */ = {
			isa = PBXGroup;
			children = (
				5069664C2CA4655100FE6FAE /* CustomTableViewCell.swift */,
			);
			path = Cell;
			sourceTree = "<group>";
		};
		506966542CA5176C00FE6FAE /* Utils */ = {
			isa = PBXGroup;
			children = (
				EA8D07332EEAA31E00ACA2FF /* Helper.swift */,
				5069664E2CA50F8600FE6FAE /* ExtensionFile.swift */,
			);
			path = Utils;
			sourceTree = "<group>";
		};
/* End PBXGroup section */

/* Begin PBXNativeTarget section */
		506966302CA45CD600FE6FAE /* CodeTestIOS */ = {
			isa = PBXNativeTarget;
			buildConfigurationList = 506966452CA45CD800FE6FAE /* Build configuration list for PBXNativeTarget "CodeTestIOS" */;
			buildPhases = (
				5069662D2CA45CD600FE6FAE /* Sources */,
				5069662E2CA45CD600FE6FAE /* Frameworks */,
				5069662F2CA45CD600FE6FAE /* Resources */,
			);
			buildRules = (
			);
			dependencies = (
			);
			name = CodeTestIOS;
			productName = CodeTestIOS;
			productReference = 506966312CA45CD600FE6FAE /* CodeTestIOS.app */;
			productType = "com.apple.product-type.application";
		};
/* End PBXNativeTarget section */

/* Begin PBXProject section */
		506966292CA45CD600FE6FAE /* Project object */ = {
			isa = PBXProject;
			attributes = {
				BuildIndependentTargetsInParallel = 1;
				LastSwiftUpdateCheck = 1540;
				LastUpgradeCheck = 1540;
				TargetAttributes = {
					506966302CA45CD600FE6FAE = {
						CreatedOnToolsVersion = 15.4;
					};
				};
			};
			buildConfigurationList = 5069662C2CA45CD600FE6FAE /* Build configuration list for PBXProject "CodeTestIOS" */;
			compatibilityVersion = "Xcode 14.0";
			developmentRegion = en;
			hasScannedForEncodings = 0;
			knownRegions = (
				en,
				Base,
			);
			mainGroup = 506966282CA45CD600FE6FAE;
			productRefGroup = 506966322CA45CD600FE6FAE /* Products */;
			projectDirPath = "";
			projectRoot = "";
			targets = (
				506966302CA45CD600FE6FAE /* CodeTestIOS */,
			);
		};
/* End PBXProject section */

/* Begin PBXResourcesBuildPhase section */
		5069662F2CA45CD600FE6FAE /* Resources */ = {
			isa = PBXResourcesBuildPhase;
			buildActionMask = 2147483647;
			files = (
				EA8D07362EEAB55D00ACA2FF /* CustomHeaderView.xib in Resources */,
				5069663E2CA45CD800FE6FAE /* Assets.xcassets in Resources */,
				506966412CA45CD800FE6FAE /* Base in Resources */,
				5069663C2CA45CD600FE6FAE /* Base in Resources */,
			);
			runOnlyForDeploymentPostprocessing = 0;
		};
/* End PBXResourcesBuildPhase section */

/* Begin PBXSourcesBuildPhase section */
		5069662D2CA45CD600FE6FAE /* Sources */ = {
			isa = PBXSourcesBuildPhase;
			buildActionMask = 2147483647;
			files = (
				5069664D2CA4655100FE6FAE /* CustomTableViewCell.swift in Sources */,
				5069664B2CA45E3400FE6FAE /* CustomHeaderView.swift in Sources */,
				506966392CA45CD600FE6FAE /* ViewController.swift in Sources */,
				5069664F2CA50F8600FE6FAE /* ExtensionFile.swift in Sources */,
				506966352CA45CD600FE6FAE /* AppDelegate.swift in Sources */,
				506966372CA45CD600FE6FAE /* SceneDelegate.swift in Sources */,
				506966492CA45D3700FE6FAE /* BanksModel.swift in Sources */,
				EA8D07342EEAA32400ACA2FF /* Helper.swift in Sources */,
			);
			runOnlyForDeploymentPostprocessing = 0;
		};
/* End PBXSourcesBuildPhase section */

/* Begin PBXVariantGroup section */
		5069663A2CA45CD600FE6FAE /* Main.storyboard */ = {
			isa = PBXVariantGroup;
			children = (
				5069663B2CA45CD600FE6FAE /* Base */,
			);
			name = Main.storyboard;
			sourceTree = "<group>";
		};
		5069663F2CA45CD800FE6FAE /* LaunchScreen.storyboard */ = {
			isa = PBXVariantGroup;
			children = (
				506966402CA45CD800FE6FAE /* Base */,
			);
			name = LaunchScreen.storyboard;
			sourceTree = "<group>";
		};
/* End PBXVariantGroup section */

/* Begin XCBuildConfiguration section */
		506966432CA45CD800FE6FAE /* Debug */ = {
			isa = XCBuildConfiguration;
			buildSettings = {
				ALWAYS_SEARCH_USER_PATHS = NO;
				ASSETCATALOG_COMPILER_GENERATE_SWIFT_ASSET_SYMBOL_EXTENSIONS = YES;
				CLANG_ANALYZER_NONNULL = YES;
				CLANG_ANALYZER_NUMBER_OBJECT_CONVERSION = YES_AGGRESSIVE;
				CLANG_CXX_LANGUAGE_STANDARD = "gnu++20";
				CLANG_ENABLE_MODULES = YES;
				CLANG_ENABLE_OBJC_ARC = YES;
				CLANG_ENABLE_OBJC_WEAK = YES;
				CLANG_WARN_BLOCK_CAPTURE_AUTORELEASING = YES;
				CLANG_WARN_BOOL_CONVERSION = YES;
				CLANG_WARN_COMMA = YES;
				CLANG_WARN_CONSTANT_CONVERSION = YES;
				CLANG_WARN_DEPRECATED_OBJC_IMPLEMENTATIONS = YES;
				CLANG_WARN_DIRECT_OBJC_ISA_USAGE = YES_ERROR;
				CLANG_WARN_DOCUMENTATION_COMMENTS = YES;
				CLANG_WARN_EMPTY_BODY = YES;
				CLANG_WARN_ENUM_CONVERSION = YES;
				CLANG_WARN_INFINITE_RECURSION = YES;
				CLANG_WARN_INT_CONVERSION = YES;
				CLANG_WARN_NON_LITERAL_NULL_CONVERSION = YES;
				CLANG_WARN_OBJC_IMPLICIT_RETAIN_SELF = YES;
				CLANG_WARN_OBJC_LITERAL_CONVERSION = YES;
				CLANG_WARN_OBJC_ROOT_CLASS = YES_ERROR;
				CLANG_WARN_QUOTED_INCLUDE_IN_FRAMEWORK_HEADER = YES;
				CLANG_WARN_RANGE_LOOP_ANALYSIS = YES;
				CLANG_WARN_STRICT_PROTOTYPES = YES;
				CLANG_WARN_SUSPICIOUS_MOVE = YES;
				CLANG_WARN_UNGUARDED_AVAILABILITY = YES_AGGRESSIVE;
				CLANG_WARN_UNREACHABLE_CODE = YES;
				CLANG_WARN__DUPLICATE_METHOD_MATCH = YES;
				COPY_PHASE_STRIP = NO;
				DEBUG_INFORMATION_FORMAT = dwarf;
				ENABLE_STRICT_OBJC_MSGSEND = YES;
				ENABLE_TESTABILITY = YES;
				ENABLE_USER_SCRIPT_SANDBOXING = YES;
				GCC_C_LANGUAGE_STANDARD = gnu17;
				GCC_DYNAMIC_NO_PIC = NO;
				GCC_NO_COMMON_BLOCKS = YES;
				GCC_OPTIMIZATION_LEVEL = 0;
				GCC_PREPROCESSOR_DEFINITIONS = (
					"DEBUG=1",
					"$(inherited)",
				);
				GCC_WARN_64_TO_32_BIT_CONVERSION = YES;
				GCC_WARN_ABOUT_RETURN_TYPE = YES_ERROR;
				GCC_WARN_UNDECLARED_SELECTOR = YES;
				GCC_WARN_UNINITIALIZED_AUTOS = YES_AGGRESSIVE;
				GCC_WARN_UNUSED_FUNCTION = YES;
				GCC_WARN_UNUSED_VARIABLE = YES;
				IPHONEOS_DEPLOYMENT_TARGET = 16.0;
				LOCALIZATION_PREFERS_STRING_CATALOGS = YES;
				MTL_ENABLE_DEBUG_INFO = INCLUDE_SOURCE;
				MTL_FAST_MATH = YES;
				ONLY_ACTIVE_ARCH = YES;
				SDKROOT = iphoneos;
				SWIFT_ACTIVE_COMPILATION_CONDITIONS = "DEBUG $(inherited)";
				SWIFT_OPTIMIZATION_LEVEL = "-Onone";
			};
			name = Debug;
		};
		506966442CA45CD800FE6FAE /* Release */ = {
			isa = XCBuildConfiguration;
			buildSettings = {
				ALWAYS_SEARCH_USER_PATHS = NO;
				ASSETCATALOG_COMPILER_GENERATE_SWIFT_ASSET_SYMBOL_EXTENSIONS = YES;
				CLANG_ANALYZER_NONNULL = YES;
				CLANG_ANALYZER_NUMBER_OBJECT_CONVERSION = YES_AGGRESSIVE;
				CLANG_CXX_LANGUAGE_STANDARD = "gnu++20";
				CLANG_ENABLE_MODULES = YES;
				CLANG_ENABLE_OBJC_ARC = YES;
				CLANG_ENABLE_OBJC_WEAK = YES;
				CLANG_WARN_BLOCK_CAPTURE_AUTORELEASING = YES;
				CLANG_WARN_BOOL_CONVERSION = YES;
				CLANG_WARN_COMMA = YES;
				CLANG_WARN_CONSTANT_CONVERSION = YES;
				CLANG_WARN_DEPRECATED_OBJC_IMPLEMENTATIONS = YES;
				CLANG_WARN_DIRECT_OBJC_ISA_USAGE = YES_ERROR;
				CLANG_WARN_DOCUMENTATION_COMMENTS = YES;
				CLANG_WARN_EMPTY_BODY = YES;
				CLANG_WARN_ENUM_CONVERSION = YES;
				CLANG_WARN_INFINITE_RECURSION = YES;
				CLANG_WARN_INT_CONVERSION = YES;
				CLANG_WARN_NON_LITERAL_NULL_CONVERSION = YES;
				CLANG_WARN_OBJC_IMPLICIT_RETAIN_SELF = YES;
				CLANG_WARN_OBJC_LITERAL_CONVERSION = YES;
				CLANG_WARN_OBJC_ROOT_CLASS = YES_ERROR;
				CLANG_WARN_QUOTED_INCLUDE_IN_FRAMEWORK_HEADER = YES;
				CLANG_WARN_RANGE_LOOP_ANALYSIS = YES;
				CLANG_WARN_STRICT_PROTOTYPES = YES;
				CLANG_WARN_SUSPICIOUS_MOVE = YES;
				CLANG_WARN_UNGUARDED_AVAILABILITY = YES_AGGRESSIVE;
				CLANG_WARN_UNREACHABLE_CODE = YES;
				CLANG_WARN__DUPLICATE_METHOD_MATCH = YES;
				COPY_PHASE_STRIP = NO;
				DEBUG_INFORMATION_FORMAT = "dwarf-with-dsym";
				ENABLE_NS_ASSERTIONS = NO;
				ENABLE_STRICT_OBJC_MSGSEND = YES;
				ENABLE_USER_SCRIPT_SANDBOXING = YES;
				GCC_C_LANGUAGE_STANDARD = gnu17;
				GCC_NO_COMMON_BLOCKS = YES;
				GCC_WARN_64_TO_32_BIT_CONVERSION = YES;
				GCC_WARN_ABOUT_RETURN_TYPE = YES_ERROR;
				GCC_WARN_UNDECLARED_SELECTOR = YES;
				GCC_WARN_UNINITIALIZED_AUTOS = YES_AGGRESSIVE;
				GCC_WARN_UNUSED_FUNCTION = YES;
				GCC_WARN_UNUSED_VARIABLE = YES;
				IPHONEOS_DEPLOYMENT_TARGET = 16.0;
				LOCALIZATION_PREFERS_STRING_CATALOGS = YES;
				MTL_ENABLE_DEBUG_INFO = NO;
				MTL_FAST_MATH = YES;
				SDKROOT = iphoneos;
				SWIFT_COMPILATION_MODE = wholemodule;
				VALIDATE_PRODUCT = YES;
			};
			name = Release;
		};
		506966462CA45CD800FE6FAE /* Debug */ = {
			isa = XCBuildConfiguration;
			buildSettings = {
				ASSETCATALOG_COMPILER_APPICON_NAME = AppIcon;
				ASSETCATALOG_COMPILER_GLOBAL_ACCENT_COLOR_NAME = AccentColor;
				CODE_SIGN_STYLE = Automatic;
				CURRENT_PROJECT_VERSION = 1;
				DEVELOPMENT_TEAM = KAN3S4GU5U;
				GENERATE_INFOPLIST_FILE = YES;
				INFOPLIST_FILE = CodeTestIOS/Info.plist;
				INFOPLIST_KEY_UIApplicationSupportsIndirectInputEvents = YES;
				INFOPLIST_KEY_UILaunchStoryboardName = LaunchScreen;
				INFOPLIST_KEY_UIMainStoryboardFile = Main;
				INFOPLIST_KEY_UISupportedInterfaceOrientations_iPad = "UIInterfaceOrientationPortrait UIInterfaceOrientationPortraitUpsideDown UIInterfaceOrientationLandscapeLeft UIInterfaceOrientationLandscapeRight";
				INFOPLIST_KEY_UISupportedInterfaceOrientations_iPhone = "UIInterfaceOrientationPortrait UIInterfaceOrientationLandscapeLeft UIInterfaceOrientationLandscapeRight";
				IPHONEOS_DEPLOYMENT_TARGET = 16.0;
				LD_RUNPATH_SEARCH_PATHS = (
					"$(inherited)",
					"@executable_path/Frameworks",
				);
				MARKETING_VERSION = 1.0.1;
				PRODUCT_BUNDLE_IDENTIFIER = com.maxdu.CodeTestIOS;
				PRODUCT_NAME = "$(TARGET_NAME)";
				SUPPORTED_PLATFORMS = "iphoneos iphonesimulator";
				SUPPORTS_MACCATALYST = NO;
				SUPPORTS_MAC_DESIGNED_FOR_IPHONE_IPAD = NO;
				SUPPORTS_XR_DESIGNED_FOR_IPHONE_IPAD = NO;
				SWIFT_EMIT_LOC_STRINGS = YES;
				SWIFT_VERSION = 5.0;
				TARGETED_DEVICE_FAMILY = "1,2";
			};
			name = Debug;
		};
		506966472CA45CD800FE6FAE /* Release */ = {
			isa = XCBuildConfiguration;
			buildSettings = {
				ASSETCATALOG_COMPILER_APPICON_NAME = AppIcon;
				ASSETCATALOG_COMPILER_GLOBAL_ACCENT_COLOR_NAME = AccentColor;
				CODE_SIGN_STYLE = Automatic;
				CURRENT_PROJECT_VERSION = 1;
				DEVELOPMENT_TEAM = KAN3S4GU5U;
				GENERATE_INFOPLIST_FILE = YES;
				INFOPLIST_FILE = CodeTestIOS/Info.plist;
				INFOPLIST_KEY_UIApplicationSupportsIndirectInputEvents = YES;
				INFOPLIST_KEY_UILaunchStoryboardName = LaunchScreen;
				INFOPLIST_KEY_UIMainStoryboardFile = Main;
				INFOPLIST_KEY_UISupportedInterfaceOrientations_iPad = "UIInterfaceOrientationPortrait UIInterfaceOrientationPortraitUpsideDown UIInterfaceOrientationLandscapeLeft UIInterfaceOrientationLandscapeRight";
				INFOPLIST_KEY_UISupportedInterfaceOrientations_iPhone = "UIInterfaceOrientationPortrait UIInterfaceOrientationLandscapeLeft UIInterfaceOrientationLandscapeRight";
				IPHONEOS_DEPLOYMENT_TARGET = 16.0;
				LD_RUNPATH_SEARCH_PATHS = (
					"$(inherited)",
					"@executable_path/Frameworks",
				);
				MARKETING_VERSION = 1.0.1;
				PRODUCT_BUNDLE_IDENTIFIER = com.maxdu.CodeTestIOS;
				PRODUCT_NAME = "$(TARGET_NAME)";
				SUPPORTED_PLATFORMS = "iphoneos iphonesimulator";
				SUPPORTS_MACCATALYST = NO;
				SUPPORTS_MAC_DESIGNED_FOR_IPHONE_IPAD = NO;
				SUPPORTS_XR_DESIGNED_FOR_IPHONE_IPAD = NO;
				SWIFT_EMIT_LOC_STRINGS = YES;
				SWIFT_VERSION = 5.0;
				TARGETED_DEVICE_FAMILY = "1,2";
			};
			name = Release;
		};
/* End XCBuildConfiguration section */

/* Begin XCConfigurationList section */
		5069662C2CA45CD600FE6FAE /* Build configuration list for PBXProject "CodeTestIOS" */ = {
			isa = XCConfigurationList;
			buildConfigurations = (
				506966432CA45CD800FE6FAE /* Debug */,
				506966442CA45CD800FE6FAE /* Release */,
			);
			defaultConfigurationIsVisible = 0;
			defaultConfigurationName = Release;
		};
		506966452CA45CD800FE6FAE /* Build configuration list for PBXNativeTarget "CodeTestIOS" */ = {
			isa = XCConfigurationList;
			buildConfigurations = (
				506966462CA45CD800FE6FAE /* Debug */,
				506966472CA45CD800FE6FAE /* Release */,
			);
			defaultConfigurationIsVisible = 0;
			defaultConfigurationName = Release;
		};
/* End XCConfigurationList section */
	};
	rootObject = 506966292CA45CD600FE6FAE /* Project object */;
}
